
Microsoft Visual Studio Solution File, Format Version 12.00
# Visual Studio Version 16
VisualStudioVersion = 16.0.29806.167
MinimumVisualStudioVersion = 10.0.40219.1
Project("{9A19103F-16F7-4668-BE54-9A1E7A4F7556}") = "MyProj.CM.Common.Security", "MyProj.CM.Common.Security\MyProj.CM.Common.Security.csproj", "{911FDBFD-2C37-4316-B0A7-AA66A3074545}"
EndProject
Project("{9A19103F-16F7-4668-BE54-9A1E7A4F7556}") = "MyProj.CM.Common.Contracts", "MyProj.CM.Common.Contracts\MyProj.CM.Common.Contracts.csproj", "{BDBBD35D-5D9B-46FF-B9C0-B30A24CA2F67}"
EndProject
Project("{9A19103F-16F7-4668-BE54-9A1E7A4F7556}") = "MyProj.CM.Common.Caching", "MyProj.CM.Common.Caching\MyProj.CM.Common.Caching.csproj", "{2575208E-7B38-4D6D-A991-1A251EF17DBA}"
EndProject
Project("{9A19103F-16F7-4668-BE54-9A1E7A4F7556}") = "MyProj.CM.Common.RabbitMQRunner", "MyProj.CM.Common.RabbitMQRunner\MyProj.CM.Common.RabbitMQRunner.csproj", "{842C23C2-4782-4AB8-9888-F0DFD99E1626}"
EndProject
Project("{9A19103F-16F7-4668-BE54-9A1E7A4F7556}") = "MyProj.CM.Common.RabbitMQ", "MyProj.CM.Common.RabbitMQ\MyProj.CM.Common.RabbitMQ.csproj", "{1F1721DC-7A21-42FE-B7DB-27FEB621C815}"
EndProject
Project("{9A19103F-16F7-4668-BE54-9A1E7A4F7556}") = "MyProj.CM.Common.RabbitMQ.Test", "MyProj.CM.Common.RabbitMQ.Test\MyProj.CM.Common.RabbitMQ.Test.csproj", "{9EBB0D0D-1FC9-47A9-AFA3-7BE29985FDC5}"
EndProject
Project("{FAE04EC0-301F-11D3-BF4B-00C04F79EFBC}") = "MyProj.CM.Common.Grpc", "MyProj.CM.Common.Grpc\MyProj.CM.Common.Grpc.csproj", "{BAFBD45C-BECB-4E55-89E0-9363E1CE1837}"
EndProject
Project("{FAE04EC0-301F-11D3-BF4B-00C04F79EFBC}") = "MyProj.CM.Common.Storage", "MyProj.CM.Common.Storage\MyProj.CM.Common.Storage.csproj", "{BB4D39E0-CBDB-4E89-B12F-E739B1677CFF}"
EndProject
Project("{FAE04EC0-301F-11D3-BF4B-00C04F79EFBC}") = "MyProj.CM.Common.Tracing", "MyProj.CM.Common.Tracing\MyProj.CM.Common.Tracing.csproj", "{19D541CF-4678-4E84-BBF5-0DC367CAA1DC}"
EndProject
Global
	GlobalSection(SolutionConfigurationPlatforms) = preSolution
		Debug|Any CPU = Debug|Any CPU
		Release|Any CPU = Release|Any CPU
	EndGlobalSection
	GlobalSection(ProjectConfigurationPlatforms) = postSolution
		{911FDBFD-2C37-4316-B0A7-AA66A3074545}.Debug|Any CPU.ActiveCfg = Debug|Any CPU
		{911FDBFD-2C37-4316-B0A7-AA66A3074545}.Debug|Any CPU.Build.0 = Debug|Any CPU
		{911FDBFD-2C37-4316-B0A7-AA66A3074545}.Release|Any CPU.ActiveCfg = Release|Any CPU
		{911FDBFD-2C37-4316-B0A7-AA66A3074545}.Release|Any CPU.Build.0 = Release|Any CPU
		{BDBBD35D-5D9B-46FF-B9C0-B30A24CA2F67}.Debug|Any CPU.ActiveCfg = Debug|Any CPU
		{BDBBD35D-5D9B-46FF-B9C0-B30A24CA2F67}.Debug|Any CPU.Build.0 = Debug|Any CPU
		{BDBBD35D-5D9B-46FF-B9C0-B30A24CA2F67}.Release|Any CPU.ActiveCfg = Release|Any CPU
		{BDBBD35D-5D9B-46FF-B9C0-B30A24CA2F67}.Release|Any CPU.Build.0 = Release|Any CPU
		{2575208E-7B38-4D6D-A991-1A251EF17DBA}.Debug|Any CPU.ActiveCfg = Debug|Any CPU
		{2575208E-7B38-4D6D-A991-1A251EF17DBA}.Debug|Any CPU.Build.0 = Debug|Any CPU
		{2575208E-7B38-4D6D-A991-1A251EF17DBA}.Release|Any CPU.ActiveCfg = Release|Any CPU
		{2575208E-7B38-4D6D-A991-1A251EF17DBA}.Release|Any CPU.Build.0 = Release|Any CPU
		{842C23C2-4782-4AB8-9888-F0DFD99E1626}.Debug|Any CPU.ActiveCfg = Debug|Any CPU
		{842C23C2-4782-4AB8-9888-F0DFD99E1626}.Debug|Any CPU.Build.0 = Debug|Any CPU
		{842C23C2-4782-4AB8-9888-F0DFD99E1626}.Release|Any CPU.ActiveCfg = Release|Any CPU
		{842C23C2-4782-4AB8-9888-F0DFD99E1626}.Release|Any CPU.Build.0 = Release|Any CPU
		{1F1721DC-7A21-42FE-B7DB-27FEB621C815}.Debug|Any CPU.ActiveCfg = Debug|Any CPU
		{1F1721DC-7A21-42FE-B7DB-27FEB621C815}.Debug|Any CPU.Build.0 = Debug|Any CPU
		{1F1721DC-7A21-42FE-B7DB-27FEB621C815}.Release|Any CPU.ActiveCfg = Release|Any CPU
		{1F1721DC-7A21-42FE-B7DB-27FEB621C815}.Release|Any CPU.Build.0 = Release|Any CPU
		{9EBB0D0D-1FC9-47A9-AFA3-7BE29985FDC5}.Debug|Any CPU.ActiveCfg = Debug|Any CPU
		{9EBB0D0D-1FC9-47A9-AFA3-7BE29985FDC5}.Debug|Any CPU.Build.0 = Debug|Any CPU
		{9EBB0D0D-1FC9-47A9-AFA3-7BE29985FDC5}.Release|Any CPU.ActiveCfg = Release|Any CPU
		{9EBB0D0D-1FC9-47A9-AFA3-7BE29985FDC5}.Release|Any CPU.Build.0 = Release|Any CPU
		{BAFBD45C-BECB-4E55-89E0-9363E1CE1837}.Debug|Any CPU.ActiveCfg = Debug|Any CPU
		{BAFBD45C-BECB-4E55-89E0-9363E1CE1837}.Debug|Any CPU.Build.0 = Debug|Any CPU
		{BAFBD45C-BECB-4E55-89E0-9363E1CE1837}.Release|Any CPU.ActiveCfg = Release|Any CPU
		{BAFBD45C-BECB-4E55-89E0-9363E1CE1837}.Release|Any CPU.Build.0 = Release|Any CPU
		{BB4D39E0-CBDB-4E89-B12F-E739B1677CFF}.Debug|Any CPU.ActiveCfg = Debug|Any CPU
		{BB4D39E0-CBDB-4E89-B12F-E739B1677CFF}.Debug|Any CPU.Build.0 = Debug|Any CPU
		{BB4D39E0-CBDB-4E89-B12F-E739B1677CFF}.Release|Any CPU.ActiveCfg = Release|Any CPU
		{BB4D39E0-CBDB-4E89-B12F-E739B1677CFF}.Release|Any CPU.Build.0 = Release|Any CPU
		{19D541CF-4678-4E84-BBF5-0DC367CAA1DC}.Debug|Any CPU.ActiveCfg = Debug|Any CPU
		{19D541CF-4678-4E84-BBF5-0DC367CAA1DC}.Debug|Any CPU.Build.0 = Debug|Any CPU
		{19D541CF-4678-4E84-BBF5-0DC367CAA1DC}.Release|Any CPU.ActiveCfg = Release|Any CPU
		{19D541CF-4678-4E84-BBF5-0DC367CAA1DC}.Release|Any CPU.Build.0 = Release|Any CPU
	EndGlobalSection
	GlobalSection(SolutionProperties) = preSolution
		HideSolutionNode = FALSE
	EndGlobalSection
	GlobalSection(ExtensibilityGlobals) = postSolution
		SolutionGuid = {AE36B649-4F9A-4BED-9E5E-00CE5C14046B}
	EndGlobalSection
EndGlobal
