
Microsoft Visual Studio Solution File, Format Version 12.00
# Visual Studio 15
VisualStudioVersion = 15.0.27703.2018
MinimumVisualStudioVersion = 10.0.40219.1
Project("{FAE04EC0-301F-11D3-BF4B-00C04F79EFBC}") = "SignalRWebPack", "SignalRWebPack\SignalRWebPack.csproj", "{78F41E8C-8782-4872-95B7-5D3073B1027E}"
EndProject
Global
	GlobalSection(SolutionConfigurationPlatforms) = preSolution
		Debug|Any CPU = Debug|Any CPU
		Release|Any CPU = Release|Any CPU
	EndGlobalSection
	GlobalSection(ProjectConfigurationPlatforms) = postSolution
		{78F41E8C-8782-4872-95B7-5D3073B1027E}.Debug|Any CPU.ActiveCfg = Debug|Any CPU
		{78F41E8C-8782-4872-95B7-5D3073B1027E}.Debug|Any CPU.Build.0 = Debug|Any CPU
		{78F41E8C-8782-4872-95B7-5D3073B1027E}.Release|Any CPU.ActiveCfg = Release|Any CPU
		{78F41E8C-8782-4872-95B7-5D3073B1027E}.Release|Any CPU.Build.0 = Release|Any CPU
	EndGlobalSection
	GlobalSection(SolutionProperties) = preSolution
		HideSolutionNode = FALSE
	EndGlobalSection
	GlobalSection(ExtensibilityGlobals) = postSolution
		SolutionGuid = {4A3519C9-7DA5-4885-93A2-33E3B55DA117}
	EndGlobalSection
EndGlobal
