
Microsoft Visual Studio Solution File, Format Version 12.00
# Visual Studio Version 16
VisualStudioVersion = 16.0.29806.167
MinimumVisualStudioVersion = 10.0.40219.1
Project("{9A19103F-16F7-4668-BE54-9A1E7A4F7556}") = "MyProj.CM.API", "MyProj.CM.API\MyProj.CM.API.csproj", "{AFD75C70-0217-4AFF-8DDE-2DD4F3A13175}"
EndProject
Project("{9A19103F-16F7-4668-BE54-9A1E7A4F7556}") = "MyProj.CM.Common.Contracts", "..\..\Common\MyProj.CM.Common\MyProj.CM.Common.Contracts\MyProj.CM.Common.Contracts.csproj", "{D5DA55C7-F2CA-4864-924B-BB5244BD1D69}"
EndProject
Project("{9A19103F-16F7-4668-BE54-9A1E7A4F7556}") = "MyProj.CM.Common.Caching", "..\..\Common\MyProj.CM.Common\MyProj.CM.Common.Caching\MyProj.CM.Common.Caching.csproj", "{67575C63-EB3C-4D0D-B869-25AAAE42BDD2}"
EndProject
Project("{FAE04EC0-301F-11D3-BF4B-00C04F79EFBC}") = "MyProj.CM.Apps.Common", "MyProj.CM.Apps.Common\MyProj.CM.Apps.Common.csproj", "{EFEC0897-0732-4FC5-90ED-EAD880D15379}"
EndProject
Global
	GlobalSection(SolutionConfigurationPlatforms) = preSolution
		Debug|Any CPU = Debug|Any CPU
		Release|Any CPU = Release|Any CPU
	EndGlobalSection
	GlobalSection(ProjectConfigurationPlatforms) = postSolution
		{AFD75C70-0217-4AFF-8DDE-2DD4F3A13175}.Debug|Any CPU.ActiveCfg = Debug|Any CPU
		{AFD75C70-0217-4AFF-8DDE-2DD4F3A13175}.Debug|Any CPU.Build.0 = Debug|Any CPU
		{AFD75C70-0217-4AFF-8DDE-2DD4F3A13175}.Release|Any CPU.ActiveCfg = Release|Any CPU
		{AFD75C70-0217-4AFF-8DDE-2DD4F3A13175}.Release|Any CPU.Build.0 = Release|Any CPU
		{D5DA55C7-F2CA-4864-924B-BB5244BD1D69}.Debug|Any CPU.ActiveCfg = Debug|Any CPU
		{D5DA55C7-F2CA-4864-924B-BB5244BD1D69}.Debug|Any CPU.Build.0 = Debug|Any CPU
		{D5DA55C7-F2CA-4864-924B-BB5244BD1D69}.Release|Any CPU.ActiveCfg = Release|Any CPU
		{D5DA55C7-F2CA-4864-924B-BB5244BD1D69}.Release|Any CPU.Build.0 = Release|Any CPU
		{67575C63-EB3C-4D0D-B869-25AAAE42BDD2}.Debug|Any CPU.ActiveCfg = Debug|Any CPU
		{67575C63-EB3C-4D0D-B869-25AAAE42BDD2}.Debug|Any CPU.Build.0 = Debug|Any CPU
		{67575C63-EB3C-4D0D-B869-25AAAE42BDD2}.Release|Any CPU.ActiveCfg = Release|Any CPU
		{67575C63-EB3C-4D0D-B869-25AAAE42BDD2}.Release|Any CPU.Build.0 = Release|Any CPU
		{EFEC0897-0732-4FC5-90ED-EAD880D15379}.Debug|Any CPU.ActiveCfg = Debug|Any CPU
		{EFEC0897-0732-4FC5-90ED-EAD880D15379}.Debug|Any CPU.Build.0 = Debug|Any CPU
		{EFEC0897-0732-4FC5-90ED-EAD880D15379}.Release|Any CPU.ActiveCfg = Release|Any CPU
		{EFEC0897-0732-4FC5-90ED-EAD880D15379}.Release|Any CPU.Build.0 = Release|Any CPU
	EndGlobalSection
	GlobalSection(SolutionProperties) = preSolution
		HideSolutionNode = FALSE
	EndGlobalSection
	GlobalSection(ExtensibilityGlobals) = postSolution
		SolutionGuid = {87738813-1752-4047-ACFE-37F110964BEC}
	EndGlobalSection
EndGlobal
