
Microsoft Visual Studio Solution File, Format Version 12.00
# Visual Studio Version 16
VisualStudioVersion = 16.0.29001.49
MinimumVisualStudioVersion = 10.0.40219.1
Project("{9A19103F-16F7-4668-BE54-9A1E7A4F7556}") = "MyProj.FileUpload", "MyProj.FileUpload\MyProj.FileUpload.csproj", "{D9A06976-E07E-4F1C-B205-B0C8B0B39648}"
EndProject
Project("{2150E333-8FDC-42A3-9474-1A3956D46DE8}") = "Docs", "Docs", "{EC09B1F2-DC30-4E45-9E90-8FE8F8A0131F}"
	ProjectSection(SolutionItems) = preProject
		ReadMe.txt = ReadMe.txt
	EndProjectSection
EndProject
Global
	GlobalSection(SolutionConfigurationPlatforms) = preSolution
		Debug|Any CPU = Debug|Any CPU
		Release|Any CPU = Release|Any CPU
	EndGlobalSection
	GlobalSection(ProjectConfigurationPlatforms) = postSolution
		{D9A06976-E07E-4F1C-B205-B0C8B0B39648}.Debug|Any CPU.ActiveCfg = Debug|Any CPU
		{D9A06976-E07E-4F1C-B205-B0C8B0B39648}.Debug|Any CPU.Build.0 = Debug|Any CPU
		{D9A06976-E07E-4F1C-B205-B0C8B0B39648}.Release|Any CPU.ActiveCfg = Release|Any CPU
		{D9A06976-E07E-4F1C-B205-B0C8B0B39648}.Release|Any CPU.Build.0 = Release|Any CPU
	EndGlobalSection
	GlobalSection(SolutionProperties) = preSolution
		HideSolutionNode = FALSE
	EndGlobalSection
	GlobalSection(ExtensibilityGlobals) = postSolution
		SolutionGuid = {03974F01-B615-400E-9366-4D3215685662}
	EndGlobalSection
EndGlobal
