
Microsoft Visual Studio Solution File, Format Version 12.00
# Visual Studio Version 16
VisualStudioVersion = 16.0.28803.352
MinimumVisualStudioVersion = 10.0.40219.1
Project("{FAE04EC0-301F-11D3-BF4B-00C04F79EFBC}") = "DockerDemo", "DockerDemo\DockerDemo.csproj", "{56B1FF12-7CEB-49F2-BFAE-A7BB89F4EE71}"
EndProject
Global
	GlobalSection(SolutionConfigurationPlatforms) = preSolution
		Debug|Any CPU = Debug|Any CPU
		Release|Any CPU = Release|Any CPU
	EndGlobalSection
	GlobalSection(ProjectConfigurationPlatforms) = postSolution
		{56B1FF12-7CEB-49F2-BFAE-A7BB89F4EE71}.Debug|Any CPU.ActiveCfg = Debug|Any CPU
		{56B1FF12-7CEB-49F2-BFAE-A7BB89F4EE71}.Debug|Any CPU.Build.0 = Debug|Any CPU
		{56B1FF12-7CEB-49F2-BFAE-A7BB89F4EE71}.Release|Any CPU.ActiveCfg = Release|Any CPU
		{56B1FF12-7CEB-49F2-BFAE-A7BB89F4EE71}.Release|Any CPU.Build.0 = Release|Any CPU
	EndGlobalSection
	GlobalSection(SolutionProperties) = preSolution
		HideSolutionNode = FALSE
	EndGlobalSection
	GlobalSection(ExtensibilityGlobals) = postSolution
		SolutionGuid = {043239A4-219E-45EB-B510-255D4A434C75}
	EndGlobalSection
EndGlobal
